
Microsoft Visual Studio Solution File, Format Version 12.00
# Visual Studio Version 16
VisualStudioVersion = 16.0.29728.190
MinimumVisualStudioVersion = 10.0.40219.1
Project("{FAE04EC0-301F-11D3-BF4B-00C04F79EFBC}") = "FlyingSimulator", "FlyingSimulator\FlyingSimulator.csproj", "{7A48EA8A-01D9-497C-ADEF-A2EE460DA904}"
EndProject
Global
	GlobalSection(SolutionConfigurationPlatforms) = preSolution
		Debug|Any CPU = Debug|Any CPU
		Release|Any CPU = Release|Any CPU
	EndGlobalSection
	GlobalSection(ProjectConfigurationPlatforms) = postSolution
		{7A48EA8A-01D9-497C-ADEF-A2EE460DA904}.Debug|Any CPU.ActiveCfg = Debug|Any CPU
		{7A48EA8A-01D9-497C-ADEF-A2EE460DA904}.Debug|Any CPU.Build.0 = Debug|Any CPU
		{7A48EA8A-01D9-497C-ADEF-A2EE460DA904}.Release|Any CPU.ActiveCfg = Release|Any CPU
		{7A48EA8A-01D9-497C-ADEF-A2EE460DA904}.Release|Any CPU.Build.0 = Release|Any CPU
	EndGlobalSection
	GlobalSection(SolutionProperties) = preSolution
		HideSolutionNode = FALSE
	EndGlobalSection
	GlobalSection(ExtensibilityGlobals) = postSolution
		SolutionGuid = {E5709AC8-92B7-499B-9865-96609A2EB56B}
	EndGlobalSection
EndGlobal
